
Microsoft Visual Studio Solution File, Format Version 10.00
# Visual Studio 2008
Project("{FAE04EC0-301F-11D3-BF4B-00C04F79EFBC}") = "bai2hieu", "bai2hieu\bai2hieu.csproj", "{2D4DB7AA-11CA-45A9-A986-C1280EBA0530}"
EndProject
Global
	GlobalSection(SolutionConfigurationPlatforms) = preSolution
		Debug|Any CPU = Debug|Any CPU
		Release|Any CPU = Release|Any CPU
	EndGlobalSection
	GlobalSection(ProjectConfigurationPlatforms) = postSolution
		{2D4DB7AA-11CA-45A9-A986-C1280EBA0530}.Debug|Any CPU.ActiveCfg = Debug|Any CPU
		{2D4DB7AA-11CA-45A9-A986-C1280EBA0530}.Debug|Any CPU.Build.0 = Debug|Any CPU
		{2D4DB7AA-11CA-45A9-A986-C1280EBA0530}.Release|Any CPU.ActiveCfg = Release|Any CPU
		{2D4DB7AA-11CA-45A9-A986-C1280EBA0530}.Release|Any CPU.Build.0 = Release|Any CPU
	EndGlobalSection
	GlobalSection(SolutionProperties) = preSolution
		HideSolutionNode = FALSE
	EndGlobalSection
EndGlobal
